{
  "name": "voteprediction",
  "version": "1.0.0",
  "lockfileVersion": 1,
  "requires": true,
  "dependencies": {
    "debug": {
      "version": "3.0.1",
      "resolved": "https://registry.npmjs.org/debug/-/debug-3.0.1.tgz",
      "integrity": "sha512-6nVc6S36qbt/mutyt+UGMnawAMrPDZUPQjRZI3FS9tCtDRhvxJbK79unYBLPi+z5SLXQ3ftoVBFCblQtNSls8w==",
      "requires": {
        "ms": "2.0.0"
      }
    },
    "golos-addons": {
      "version": "1.0.3",
      "resolved": "https://registry.npmjs.org/golos-addons/-/golos-addons-1.0.3.tgz",
      "integrity": "sha512-76BuquY3C41ACO3CSgHBNpVPZITgk6Ll+8bgBsZq9TwDebSQEXzMEmw9z03DWRIlO9Rm3Z0K8vkuDMLpZnkVxg==",
      "requires": {
        "debug": "3.0.1"
      }
    },
    "ms": {
      "version": "2.0.0",
      "resolved": "https://registry.npmjs.org/ms/-/ms-2.0.0.tgz",
      "integrity": "sha1-VgiurfwAvmwpAd9fmGF4jeDVl8g="
    }
  }
}
